
Microsoft Visual Studio Solution File, Format Version 12.00
# Visual Studio Version 17
VisualStudioVersion = 17.0.31903.59
MinimumVisualStudioVersion = 10.0.40219.1
Project("{9A19103F-16F7-4668-BE54-9A1E7A4F7556}") = "Vick.Api", "Vick.Api\Vick.Api.csproj", "{0BD2E43E-3A2B-4A11-862A-E1CCF91763FD}"
EndProject
Project("{FAE04EC0-301F-11D3-BF4B-00C04F79EFBC}") = "Vick.Core", "Vick.Core\Vick.Core.csproj", "{7DAF7539-BFE7-4800-AD3D-60A6F15A228B}"
EndProject
Global
	GlobalSection(SolutionConfigurationPlatforms) = preSolution
		Debug|Any CPU = Debug|Any CPU
		Release|Any CPU = Release|Any CPU
	EndGlobalSection
	GlobalSection(ProjectConfigurationPlatforms) = postSolution
		{0BD2E43E-3A2B-4A11-862A-E1CCF91763FD}.Debug|Any CPU.ActiveCfg = Debug|Any CPU
		{0BD2E43E-3A2B-4A11-862A-E1CCF91763FD}.Debug|Any CPU.Build.0 = Debug|Any CPU
		{0BD2E43E-3A2B-4A11-862A-E1CCF91763FD}.Release|Any CPU.ActiveCfg = Release|Any CPU
		{0BD2E43E-3A2B-4A11-862A-E1CCF91763FD}.Release|Any CPU.Build.0 = Release|Any CPU
		{7DAF7539-BFE7-4800-AD3D-60A6F15A228B}.Debug|Any CPU.ActiveCfg = Debug|Any CPU
		{7DAF7539-BFE7-4800-AD3D-60A6F15A228B}.Debug|Any CPU.Build.0 = Debug|Any CPU
		{7DAF7539-BFE7-4800-AD3D-60A6F15A228B}.Release|Any CPU.ActiveCfg = Release|Any CPU
		{7DAF7539-BFE7-4800-AD3D-60A6F15A228B}.Release|Any CPU.Build.0 = Release|Any CPU
	EndGlobalSection
	GlobalSection(SolutionProperties) = preSolution
		HideSolutionNode = FALSE
	EndGlobalSection
EndGlobal
